
Microsoft Visual Studio Solution File, Format Version 12.00
# Visual Studio Version 17
VisualStudioVersion = 17.5.002.0
MinimumVisualStudioVersion = 10.0.40219.1
Project("{9A19103F-16F7-4668-BE54-9A1E7A4F7556}") = "Assembly-CSharp-Editor", "Assembly-CSharp-Editor.csproj", "{1CE60A98-41EE-440A-A306-B31E52B92674}"
EndProject
Project("{9A19103F-16F7-4668-BE54-9A1E7A4F7556}") = "Assembly-CSharp", "Assembly-CSharp.csproj", "{4A63EFB6-E834-4900-8911-DEE97126E806}"
EndProject
Global
	GlobalSection(SolutionConfigurationPlatforms) = preSolution
		Debug|Any CPU = Debug|Any CPU
		Release|Any CPU = Release|Any CPU
	EndGlobalSection
	GlobalSection(ProjectConfigurationPlatforms) = postSolution
		{1CE60A98-41EE-440A-A306-B31E52B92674}.Debug|Any CPU.ActiveCfg = Debug|Any CPU
		{1CE60A98-41EE-440A-A306-B31E52B92674}.Debug|Any CPU.Build.0 = Debug|Any CPU
		{1CE60A98-41EE-440A-A306-B31E52B92674}.Release|Any CPU.ActiveCfg = Release|Any CPU
		{1CE60A98-41EE-440A-A306-B31E52B92674}.Release|Any CPU.Build.0 = Release|Any CPU
		{4A63EFB6-E834-4900-8911-DEE97126E806}.Debug|Any CPU.ActiveCfg = Debug|Any CPU
		{4A63EFB6-E834-4900-8911-DEE97126E806}.Debug|Any CPU.Build.0 = Debug|Any CPU
		{4A63EFB6-E834-4900-8911-DEE97126E806}.Release|Any CPU.ActiveCfg = Release|Any CPU
		{4A63EFB6-E834-4900-8911-DEE97126E806}.Release|Any CPU.Build.0 = Release|Any CPU
	EndGlobalSection
	GlobalSection(SolutionProperties) = preSolution
		HideSolutionNode = FALSE
	EndGlobalSection
	GlobalSection(ExtensibilityGlobals) = postSolution
		SolutionGuid = {3CE1AE3A-B38C-4A69-97A2-383CCA7EEE11}
	EndGlobalSection
EndGlobal
